// !$*UTF8*$!
{
	archiveVersion = 1;
	classes = {
	};
	objectVersion = 52;
	objects = {

/* Begin PBXBuildFile section */
		B421B5B0241389C700955DC5 /* Targets.swift in Sources */ = {isa = PBXBuildFile; fileRef = B4625E3A23F78A6A00EFDFA2 /* Targets.swift */; };
		B421B5B1241389C700955DC5 /* Target.swift in Sources */ = {isa = PBXBuildFile; fileRef = B4991D5623CC9457005735FC /* Target.swift */; };
		B421B5B2241389C700955DC5 /* Mods.swift in Sources */ = {isa = PBXBuildFile; fileRef = B4C1DFB923EA830300E31F81 /* Mods.swift */; };
		B421B5B3241389C700955DC5 /* Mod.swift in Sources */ = {isa = PBXBuildFile; fileRef = B49B8654236C23F300DF758C /* Mod.swift */; };
		B421B5B4241389C700955DC5 /* Release.swift in Sources */ = {isa = PBXBuildFile; fileRef = B49B8652236C1C3F00DF758C /* Release.swift */; };
		B421B5B5241389C700955DC5 /* Version.swift in Sources */ = {isa = PBXBuildFile; fileRef = B46E757123727BC700C09306 /* Version.swift */; };
		B421B5B6241389C700955DC5 /* InstallationDirective.swift in Sources */ = {isa = PBXBuildFile; fileRef = B46E756F2372782200C09306 /* InstallationDirective.swift */; };
		B421B5B7241389C700955DC5 /* Requirements.swift in Sources */ = {isa = PBXBuildFile; fileRef = B46E7575237290DD00C09306 /* Requirements.swift */; };
		B421B5B8241389C700955DC5 /* Requirement.swift in Sources */ = {isa = PBXBuildFile; fileRef = B46E75782372995C00C09306 /* Requirement.swift */; };
		B421B5B9241389C700955DC5 /* Resources.swift in Sources */ = {isa = PBXBuildFile; fileRef = B46E757A2372A73C00C09306 /* Resources.swift */; };
		B421B5BA241389C700955DC5 /* Hash.swift in Sources */ = {isa = PBXBuildFile; fileRef = B46E757C2372B13400C09306 /* Hash.swift */; };
		B421B5BB241389C700955DC5 /* CKANFuckery.swift in Sources */ = {isa = PBXBuildFile; fileRef = B4FD6EE523B34CAB00A57174 /* CKANFuckery.swift */; };
		B421B5BC241389C700955DC5 /* FileURLConvertible.swift in Sources */ = {isa = PBXBuildFile; fileRef = B469D13124106DAC00DA5EF0 /* FileURLConvertible.swift */; };
		B421B5BD241389C700955DC5 /* TargetConvertible.swift in Sources */ = {isa = PBXBuildFile; fileRef = B4B46DE22411FF7D00900B9E /* TargetConvertible.swift */; };
		B421B5BE241389C700955DC5 /* Notification Names.swift in Sources */ = {isa = PBXBuildFile; fileRef = B469D12F24031D9D00DA5EF0 /* Notification Names.swift */; };
		B421B5BF241389DF00955DC5 /* Preferences.swift in Sources */ = {isa = PBXBuildFile; fileRef = B4315B5F23D3F621005FC675 /* Preferences.swift */; };
		B4315B6023D3F621005FC675 /* Preferences.swift in Sources */ = {isa = PBXBuildFile; fileRef = B4315B5F23D3F621005FC675 /* Preferences.swift */; };
		B4315B6823D54F12005FC675 /* MainVerticalSplitViewController.swift in Sources */ = {isa = PBXBuildFile; fileRef = B4315B6723D54F12005FC675 /* MainVerticalSplitViewController.swift */; };
		B4315B6E23D57B0D005FC675 /* Filter.swift in Sources */ = {isa = PBXBuildFile; fileRef = B4315B6D23D57B0D005FC675 /* Filter.swift */; };
		B451D55A236B9D5400441195 /* AppDelegate.swift in Sources */ = {isa = PBXBuildFile; fileRef = B451D559236B9D5400441195 /* AppDelegate.swift */; };
		B451D55C236B9D5400441195 /* ViewController.swift in Sources */ = {isa = PBXBuildFile; fileRef = B451D55B236B9D5400441195 /* ViewController.swift */; };
		B451D55F236B9D5400441195 /* neuCKAN.xcdatamodeld in Sources */ = {isa = PBXBuildFile; fileRef = B451D55D236B9D5400441195 /* neuCKAN.xcdatamodeld */; };
		B451D561236B9D5500441195 /* Assets.xcassets in Resources */ = {isa = PBXBuildFile; fileRef = B451D560236B9D5500441195 /* Assets.xcassets */; };
		B451D564236B9D5500441195 /* Main.storyboard in Resources */ = {isa = PBXBuildFile; fileRef = B451D562236B9D5500441195 /* Main.storyboard */; };
		B451D570236B9D5500441195 /* neuCKANTests.swift in Sources */ = {isa = PBXBuildFile; fileRef = B451D56F236B9D5500441195 /* neuCKANTests.swift */; };
		B451D57B236B9D5500441195 /* neuCKANUITests.swift in Sources */ = {isa = PBXBuildFile; fileRef = B451D57A236B9D5500441195 /* neuCKANUITests.swift */; };
		B4625E3923F6A29300EFDFA2 /* MainHorizontalSplitViewController.swift in Sources */ = {isa = PBXBuildFile; fileRef = B4625E3823F6A29300EFDFA2 /* MainHorizontalSplitViewController.swift */; };
		B4625E3B23F78A6A00EFDFA2 /* Targets.swift in Sources */ = {isa = PBXBuildFile; fileRef = B4625E3A23F78A6A00EFDFA2 /* Targets.swift */; };
		B469D12B23FCC1EE00DA5EF0 /* StandardLibraryPreview in Frameworks */ = {isa = PBXBuildFile; productRef = B469D12A23FCC1EE00DA5EF0 /* StandardLibraryPreview */; };
		B469D12E23FCC38B00DA5EF0 /* ZIPFoundation in Frameworks */ = {isa = PBXBuildFile; productRef = B469D12D23FCC38B00DA5EF0 /* ZIPFoundation */; };
		B469D13024031D9D00DA5EF0 /* Notification Names.swift in Sources */ = {isa = PBXBuildFile; fileRef = B469D12F24031D9D00DA5EF0 /* Notification Names.swift */; };
		B469D13224106DAC00DA5EF0 /* FileURLConvertible.swift in Sources */ = {isa = PBXBuildFile; fileRef = B469D13124106DAC00DA5EF0 /* FileURLConvertible.swift */; };
		B46E75702372782200C09306 /* InstallationDirective.swift in Sources */ = {isa = PBXBuildFile; fileRef = B46E756F2372782200C09306 /* InstallationDirective.swift */; };
		B46E757223727BC700C09306 /* Version.swift in Sources */ = {isa = PBXBuildFile; fileRef = B46E757123727BC700C09306 /* Version.swift */; };
		B46E7576237290DD00C09306 /* Requirements.swift in Sources */ = {isa = PBXBuildFile; fileRef = B46E7575237290DD00C09306 /* Requirements.swift */; };
		B46E75792372995C00C09306 /* Requirement.swift in Sources */ = {isa = PBXBuildFile; fileRef = B46E75782372995C00C09306 /* Requirement.swift */; };
		B46E757B2372A73C00C09306 /* Resources.swift in Sources */ = {isa = PBXBuildFile; fileRef = B46E757A2372A73C00C09306 /* Resources.swift */; };
		B46E757D2372B13400C09306 /* Hash.swift in Sources */ = {isa = PBXBuildFile; fileRef = B46E757C2372B13400C09306 /* Hash.swift */; };
		B4720D0D23A14C9200220F87 /* Synecdoche.swift in Sources */ = {isa = PBXBuildFile; fileRef = B4720D0C23A14C9200220F87 /* Synecdoche.swift */; };
		B49472372433D9150031DE2C /* DetailsView.swift in Sources */ = {isa = PBXBuildFile; fileRef = B49472362433D9150031DE2C /* DetailsView.swift */; };
		B4991D4223C9E4E6005735FC /* ModsViewController.swift in Sources */ = {isa = PBXBuildFile; fileRef = B4991D4123C9E4E6005735FC /* ModsViewController.swift */; };
		B4991D4423C9E58D005735FC /* MainWindowController.swift in Sources */ = {isa = PBXBuildFile; fileRef = B4991D4323C9E58D005735FC /* MainWindowController.swift */; };
		B4991D4823C9E7A9005735FC /* TargetsViewController.swift in Sources */ = {isa = PBXBuildFile; fileRef = B4991D4723C9E7A9005735FC /* TargetsViewController.swift */; };
		B4991D4A23C9E805005735FC /* DetailsViewController.swift in Sources */ = {isa = PBXBuildFile; fileRef = B4991D4923C9E805005735FC /* DetailsViewController.swift */; };
		B4991D4C23C9E89C005735FC /* StatsViewController.swift in Sources */ = {isa = PBXBuildFile; fileRef = B4991D4B23C9E89C005735FC /* StatsViewController.swift */; };
		B4991D5723CC9457005735FC /* Target.swift in Sources */ = {isa = PBXBuildFile; fileRef = B4991D5623CC9457005735FC /* Target.swift */; };
		B4991D9823CDD755005735FC /* TargetView.swift in Sources */ = {isa = PBXBuildFile; fileRef = B4991D9723CDD755005735FC /* TargetView.swift */; };
		B49B8653236C1C3F00DF758C /* Release.swift in Sources */ = {isa = PBXBuildFile; fileRef = B49B8652236C1C3F00DF758C /* Release.swift */; };
		B49B8655236C23F300DF758C /* Mod.swift in Sources */ = {isa = PBXBuildFile; fileRef = B49B8654236C23F300DF758C /* Mod.swift */; };
		B4AA8A52243D14A800FE2CE6 /* URLImage in Frameworks */ = {isa = PBXBuildFile; productRef = B4AA8A51243D14A800FE2CE6 /* URLImage */; };
		B4AA8A54243D1CFA00FE2CE6 /* DetailsViewHeader.swift in Sources */ = {isa = PBXBuildFile; fileRef = B4AA8A53243D1CFA00FE2CE6 /* DetailsViewHeader.swift */; };
		B4AA8A58243D36AE00FE2CE6 /* ModInformationGrid.swift in Sources */ = {isa = PBXBuildFile; fileRef = B4AA8A57243D36AE00FE2CE6 /* ModInformationGrid.swift */; };
		B4AA8A5A243D51E000FE2CE6 /* ModResourcesButtons.swift in Sources */ = {isa = PBXBuildFile; fileRef = B4AA8A59243D51E000FE2CE6 /* ModResourcesButtons.swift */; };
		B4AA8A5C243D52E100FE2CE6 /* ModResourceButton.swift in Sources */ = {isa = PBXBuildFile; fileRef = B4AA8A5B243D52E100FE2CE6 /* ModResourceButton.swift */; };
		B4ADB83D24138D7700CA2930 /* main.swift in Sources */ = {isa = PBXBuildFile; fileRef = B4B46DEF24132B0400900B9E /* main.swift */; };
		B4ADB84024138DB500CA2930 /* ArgumentParser in Frameworks */ = {isa = PBXBuildFile; productRef = B4ADB83F24138DB500CA2930 /* ArgumentParser */; };
		B4ADB84224143F7900CA2930 /* NEUCKAN.swift in Sources */ = {isa = PBXBuildFile; fileRef = B4ADB84124143F7900CA2930 /* NEUCKAN.swift */; };
		B4ADB844241449A900CA2930 /* NEUCKAN.Target.swift in Sources */ = {isa = PBXBuildFile; fileRef = B4ADB843241449A900CA2930 /* NEUCKAN.Target.swift */; };
		B4ADB84824144A8000CA2930 /* NEUCKAN.List.swift in Sources */ = {isa = PBXBuildFile; fileRef = B4ADB84724144A8000CA2930 /* NEUCKAN.List.swift */; };
		B4ADB84A24144AD400CA2930 /* NEUCKAN.Upgrade.swift in Sources */ = {isa = PBXBuildFile; fileRef = B4ADB84924144AD400CA2930 /* NEUCKAN.Upgrade.swift */; };
		B4ADB84C24144B2C00CA2930 /* NEUCKAN.Install.swift in Sources */ = {isa = PBXBuildFile; fileRef = B4ADB84B24144B2C00CA2930 /* NEUCKAN.Install.swift */; };
		B4ADB84E24144B4400CA2930 /* NEUCKAN.Uninstall.swift in Sources */ = {isa = PBXBuildFile; fileRef = B4ADB84D24144B4400CA2930 /* NEUCKAN.Uninstall.swift */; };
		B4ADB85224144BC300CA2930 /* NEUCKAN.Leaves.swift in Sources */ = {isa = PBXBuildFile; fileRef = B4ADB85124144BC300CA2930 /* NEUCKAN.Leaves.swift */; };
		B4ADB85424144BE900CA2930 /* NEUCKAN.Tree.swift in Sources */ = {isa = PBXBuildFile; fileRef = B4ADB85324144BE900CA2930 /* NEUCKAN.Tree.swift */; };
		B4ADB85624144C4200CA2930 /* NEUCKAN.Info.swift in Sources */ = {isa = PBXBuildFile; fileRef = B4ADB85524144C4200CA2930 /* NEUCKAN.Info.swift */; };
		B4ADB8582415EE3E00CA2930 /* TargetsConvertible.swift in Sources */ = {isa = PBXBuildFile; fileRef = B4ADB8572415EE3E00CA2930 /* TargetsConvertible.swift */; };
		B4ADB8592415EE3E00CA2930 /* TargetsConvertible.swift in Sources */ = {isa = PBXBuildFile; fileRef = B4ADB8572415EE3E00CA2930 /* TargetsConvertible.swift */; };
		B4ADB85B2419AD5800CA2930 /* Defaultable.swift in Sources */ = {isa = PBXBuildFile; fileRef = B4ADB85A2419AD5800CA2930 /* Defaultable.swift */; };
		B4ADB85C2419AD5800CA2930 /* Defaultable.swift in Sources */ = {isa = PBXBuildFile; fileRef = B4ADB85A2419AD5800CA2930 /* Defaultable.swift */; };
		B4ADB85E2419ADAC00CA2930 /* EmptyRepresentable.swift in Sources */ = {isa = PBXBuildFile; fileRef = B4ADB85D2419ADAC00CA2930 /* EmptyRepresentable.swift */; };
		B4ADB85F2419ADAC00CA2930 /* EmptyRepresentable.swift in Sources */ = {isa = PBXBuildFile; fileRef = B4ADB85D2419ADAC00CA2930 /* EmptyRepresentable.swift */; };
		B4ADB8612419F86500CA2930 /* ModReleaseManagementCellView.swift in Sources */ = {isa = PBXBuildFile; fileRef = B4ADB8602419F86500CA2930 /* ModReleaseManagementCellView.swift */; };
		B4B46DE12411C32300900B9E /* Alamofire in Frameworks */ = {isa = PBXBuildFile; productRef = B4B46DE02411C32300900B9E /* Alamofire */; };
		B4B46DE32411FF7D00900B9E /* TargetConvertible.swift in Sources */ = {isa = PBXBuildFile; fileRef = B4B46DE22411FF7D00900B9E /* TargetConvertible.swift */; };
		B4B46DF424132BA700900B9E /* GroundControl.swift in Sources */ = {isa = PBXBuildFile; fileRef = B4C1DFBB23EBFB0100E31F81 /* GroundControl.swift */; };
		B4B46DF524132BB400900B9E /* AirTrafficControl.swift in Sources */ = {isa = PBXBuildFile; fileRef = B4C1DFBE23F074F000E31F81 /* AirTrafficControl.swift */; };
		B4B46DF624132BBF00900B9E /* Synecdoche.swift in Sources */ = {isa = PBXBuildFile; fileRef = B4720D0C23A14C9200220F87 /* Synecdoche.swift */; };
		B4B46DFC241331D600900B9E /* ZIPFoundation in Frameworks */ = {isa = PBXBuildFile; productRef = B4B46DFB241331D600900B9E /* ZIPFoundation */; };
		B4B46DFE241331DF00900B9E /* Alamofire in Frameworks */ = {isa = PBXBuildFile; productRef = B4B46DFD241331DF00900B9E /* Alamofire */; };
		B4B46E00241331FC00900B9E /* StandardLibraryPreview in Frameworks */ = {isa = PBXBuildFile; productRef = B4B46DFF241331FC00900B9E /* StandardLibraryPreview */; };
		B4C1DFBA23EA830300E31F81 /* Mods.swift in Sources */ = {isa = PBXBuildFile; fileRef = B4C1DFB923EA830300E31F81 /* Mods.swift */; };
		B4C1DFBC23EBFB0100E31F81 /* GroundControl.swift in Sources */ = {isa = PBXBuildFile; fileRef = B4C1DFBB23EBFB0100E31F81 /* GroundControl.swift */; };
		B4C1DFBF23F074F000E31F81 /* AirTrafficControl.swift in Sources */ = {isa = PBXBuildFile; fileRef = B4C1DFBE23F074F000E31F81 /* AirTrafficControl.swift */; };
		B4D073A8245160B5008FF72C /* CollectionOfUniqueElements.swift in Sources */ = {isa = PBXBuildFile; fileRef = B4D073A7245160B5008FF72C /* CollectionOfUniqueElements.swift */; };
		B4D073AA245160EA008FF72C /* OrderedSet.swift in Sources */ = {isa = PBXBuildFile; fileRef = B4D073A9245160EA008FF72C /* OrderedSet.swift */; };
		B4D073AB245160EA008FF72C /* OrderedSet.swift in Sources */ = {isa = PBXBuildFile; fileRef = B4D073A9245160EA008FF72C /* OrderedSet.swift */; };
		B4D073AC245160EF008FF72C /* CollectionOfUniqueElements.swift in Sources */ = {isa = PBXBuildFile; fileRef = B4D073A7245160B5008FF72C /* CollectionOfUniqueElements.swift */; };
		B4D073AE245164E2008FF72C /* OrderedCollection.swift in Sources */ = {isa = PBXBuildFile; fileRef = B4D073AD245164E2008FF72C /* OrderedCollection.swift */; };
		B4D073AF245164E2008FF72C /* OrderedCollection.swift in Sources */ = {isa = PBXBuildFile; fileRef = B4D073AD245164E2008FF72C /* OrderedCollection.swift */; };
		B4D073B124516536008FF72C /* OrderedCollectionOfUniqueElements.swift in Sources */ = {isa = PBXBuildFile; fileRef = B4D073B024516536008FF72C /* OrderedCollectionOfUniqueElements.swift */; };
		B4D073B224516536008FF72C /* OrderedCollectionOfUniqueElements.swift in Sources */ = {isa = PBXBuildFile; fileRef = B4D073B024516536008FF72C /* OrderedCollectionOfUniqueElements.swift */; };
		B4FB2F0E24397D3F001E3655 /* ModPreviewSlide.swift in Sources */ = {isa = PBXBuildFile; fileRef = B4FB2F0D24397D3F001E3655 /* ModPreviewSlide.swift */; };
		B4FD6EE623B34CAB00A57174 /* CKANFuckery.swift in Sources */ = {isa = PBXBuildFile; fileRef = B4FD6EE523B34CAB00A57174 /* CKANFuckery.swift */; };
/* End PBXBuildFile section */

/* Begin PBXContainerItemProxy section */
		B451D56C236B9D5500441195 /* PBXContainerItemProxy */ = {
			isa = PBXContainerItemProxy;
			containerPortal = B451D54E236B9D5400441195 /* Project object */;
			proxyType = 1;
			remoteGlobalIDString = B451D555236B9D5400441195;
			remoteInfo = neuCKAN;
		};
		B451D577236B9D5500441195 /* PBXContainerItemProxy */ = {
			isa = PBXContainerItemProxy;
			containerPortal = B451D54E236B9D5400441195 /* Project object */;
			proxyType = 1;
			remoteGlobalIDString = B451D555236B9D5400441195;
			remoteInfo = neuCKAN;
		};
/* End PBXContainerItemProxy section */

/* Begin PBXCopyFilesBuildPhase section */
		B4B46DE6241329C100900B9E /* CopyFiles */ = {
			isa = PBXCopyFilesBuildPhase;
			buildActionMask = 2147483647;
			dstPath = /usr/share/man/man1/;
			dstSubfolderSpec = 0;
			files = (
			);
			runOnlyForDeploymentPostprocessing = 1;
		};
/* End PBXCopyFilesBuildPhase section */

/* Begin PBXFileReference section */
		B4315B5F23D3F621005FC675 /* Preferences.swift */ = {isa = PBXFileReference; lastKnownFileType = sourcecode.swift; path = Preferences.swift; sourceTree = "<group>"; };
		B4315B6723D54F12005FC675 /* MainVerticalSplitViewController.swift */ = {isa = PBXFileReference; lastKnownFileType = sourcecode.swift; path = MainVerticalSplitViewController.swift; sourceTree = "<group>"; };
		B4315B6D23D57B0D005FC675 /* Filter.swift */ = {isa = PBXFileReference; lastKnownFileType = sourcecode.swift; path = Filter.swift; sourceTree = "<group>"; };
		B43637D3246C83EF004F57B4 /* nightly snapshot.yml */ = {isa = PBXFileReference; fileEncoding = 4; lastKnownFileType = text.yaml; path = "nightly snapshot.yml"; sourceTree = "<group>"; };
		B43637D5246C955C004F57B4 /* latest snapshot tag.sh */ = {isa = PBXFileReference; lastKnownFileType = text.script.sh; path = "latest snapshot tag.sh"; sourceTree = "<group>"; };
		B451D556236B9D5400441195 /* neuCKAN.app */ = {isa = PBXFileReference; explicitFileType = wrapper.application; includeInIndex = 0; path = neuCKAN.app; sourceTree = BUILT_PRODUCTS_DIR; };
		B451D559236B9D5400441195 /* AppDelegate.swift */ = {isa = PBXFileReference; lastKnownFileType = sourcecode.swift; path = AppDelegate.swift; sourceTree = "<group>"; };
		B451D55B236B9D5400441195 /* ViewController.swift */ = {isa = PBXFileReference; lastKnownFileType = sourcecode.swift; path = ViewController.swift; sourceTree = "<group>"; };
		B451D55E236B9D5400441195 /* neuCKAN.xcdatamodel */ = {isa = PBXFileReference; lastKnownFileType = wrapper.xcdatamodel; path = neuCKAN.xcdatamodel; sourceTree = "<group>"; };
		B451D560236B9D5500441195 /* Assets.xcassets */ = {isa = PBXFileReference; lastKnownFileType = folder.assetcatalog; path = Assets.xcassets; sourceTree = "<group>"; };
		B451D563236B9D5500441195 /* Base */ = {isa = PBXFileReference; lastKnownFileType = file.storyboard; name = Base; path = Base.lproj/Main.storyboard; sourceTree = "<group>"; };
		B451D565236B9D5500441195 /* Info.plist */ = {isa = PBXFileReference; lastKnownFileType = text.plist.xml; path = Info.plist; sourceTree = "<group>"; };
		B451D566236B9D5500441195 /* neuCKAN.entitlements */ = {isa = PBXFileReference; lastKnownFileType = text.plist.entitlements; path = neuCKAN.entitlements; sourceTree = "<group>"; };
		B451D56B236B9D5500441195 /* neuCKANTests.xctest */ = {isa = PBXFileReference; explicitFileType = wrapper.cfbundle; includeInIndex = 0; path = neuCKANTests.xctest; sourceTree = BUILT_PRODUCTS_DIR; };
		B451D56F236B9D5500441195 /* neuCKANTests.swift */ = {isa = PBXFileReference; lastKnownFileType = sourcecode.swift; path = neuCKANTests.swift; sourceTree = "<group>"; };
		B451D571236B9D5500441195 /* Info.plist */ = {isa = PBXFileReference; lastKnownFileType = text.plist.xml; path = Info.plist; sourceTree = "<group>"; };
		B451D576236B9D5500441195 /* neuCKANUITests.xctest */ = {isa = PBXFileReference; explicitFileType = wrapper.cfbundle; includeInIndex = 0; path = neuCKANUITests.xctest; sourceTree = BUILT_PRODUCTS_DIR; };
		B451D57A236B9D5500441195 /* neuCKANUITests.swift */ = {isa = PBXFileReference; lastKnownFileType = sourcecode.swift; path = neuCKANUITests.swift; sourceTree = "<group>"; };
		B451D57C236B9D5500441195 /* Info.plist */ = {isa = PBXFileReference; lastKnownFileType = text.plist.xml; path = Info.plist; sourceTree = "<group>"; };
		B4625E3823F6A29300EFDFA2 /* MainHorizontalSplitViewController.swift */ = {isa = PBXFileReference; lastKnownFileType = sourcecode.swift; path = MainHorizontalSplitViewController.swift; sourceTree = "<group>"; };
		B4625E3A23F78A6A00EFDFA2 /* Targets.swift */ = {isa = PBXFileReference; lastKnownFileType = sourcecode.swift; path = Targets.swift; sourceTree = "<group>"; };
		B469D12F24031D9D00DA5EF0 /* Notification Names.swift */ = {isa = PBXFileReference; lastKnownFileType = sourcecode.swift; path = "Notification Names.swift"; sourceTree = "<group>"; };
		B469D13124106DAC00DA5EF0 /* FileURLConvertible.swift */ = {isa = PBXFileReference; lastKnownFileType = sourcecode.swift; path = FileURLConvertible.swift; sourceTree = "<group>"; };
		B46E756F2372782200C09306 /* InstallationDirective.swift */ = {isa = PBXFileReference; lastKnownFileType = sourcecode.swift; path = InstallationDirective.swift; sourceTree = "<group>"; };
		B46E757123727BC700C09306 /* Version.swift */ = {isa = PBXFileReference; lastKnownFileType = sourcecode.swift; path = Version.swift; sourceTree = "<group>"; };
		B46E7575237290DD00C09306 /* Requirements.swift */ = {isa = PBXFileReference; lastKnownFileType = sourcecode.swift; path = Requirements.swift; sourceTree = "<group>"; };
		B46E7577237294E300C09306 /* README.md */ = {isa = PBXFileReference; lastKnownFileType = net.daringfireball.markdown; path = README.md; sourceTree = "<group>"; };
		B46E75782372995C00C09306 /* Requirement.swift */ = {isa = PBXFileReference; lastKnownFileType = sourcecode.swift; path = Requirement.swift; sourceTree = "<group>"; };
		B46E757A2372A73C00C09306 /* Resources.swift */ = {isa = PBXFileReference; lastKnownFileType = sourcecode.swift; path = Resources.swift; sourceTree = "<group>"; };
		B46E757C2372B13400C09306 /* Hash.swift */ = {isa = PBXFileReference; lastKnownFileType = sourcecode.swift; path = Hash.swift; sourceTree = "<group>"; };
		B4720D0C23A14C9200220F87 /* Synecdoche.swift */ = {isa = PBXFileReference; lastKnownFileType = sourcecode.swift; path = Synecdoche.swift; sourceTree = "<group>"; };
		B47527A3242DE5830029B54E /* LICENCE */ = {isa = PBXFileReference; lastKnownFileType = text; path = LICENCE; sourceTree = "<group>"; };
		B47527A4242DE5AA0029B54E /* COPYING */ = {isa = PBXFileReference; lastKnownFileType = text; path = COPYING; sourceTree = "<group>"; };
		B494723524300B7C0031DE2C /* CODE_OF_CONDUCT.md */ = {isa = PBXFileReference; lastKnownFileType = net.daringfireball.markdown; path = CODE_OF_CONDUCT.md; sourceTree = "<group>"; };
		B49472362433D9150031DE2C /* DetailsView.swift */ = {isa = PBXFileReference; lastKnownFileType = sourcecode.swift; path = DetailsView.swift; sourceTree = "<group>"; };
		B4991D4123C9E4E6005735FC /* ModsViewController.swift */ = {isa = PBXFileReference; lastKnownFileType = sourcecode.swift; path = ModsViewController.swift; sourceTree = "<group>"; };
		B4991D4323C9E58D005735FC /* MainWindowController.swift */ = {isa = PBXFileReference; lastKnownFileType = sourcecode.swift; path = MainWindowController.swift; sourceTree = "<group>"; };
		B4991D4723C9E7A9005735FC /* TargetsViewController.swift */ = {isa = PBXFileReference; lastKnownFileType = sourcecode.swift; path = TargetsViewController.swift; sourceTree = "<group>"; };
		B4991D4923C9E805005735FC /* DetailsViewController.swift */ = {isa = PBXFileReference; lastKnownFileType = sourcecode.swift; path = DetailsViewController.swift; sourceTree = "<group>"; };
		B4991D4B23C9E89C005735FC /* StatsViewController.swift */ = {isa = PBXFileReference; lastKnownFileType = sourcecode.swift; path = StatsViewController.swift; sourceTree = "<group>"; };
		B4991D5623CC9457005735FC /* Target.swift */ = {isa = PBXFileReference; lastKnownFileType = sourcecode.swift; path = Target.swift; sourceTree = "<group>"; };
		B4991D9723CDD755005735FC /* TargetView.swift */ = {isa = PBXFileReference; lastKnownFileType = sourcecode.swift; path = TargetView.swift; sourceTree = "<group>"; };
		B4991DA323CE6C70005735FC /* CONTRIBUTING.md */ = {isa = PBXFileReference; lastKnownFileType = net.daringfireball.markdown; path = CONTRIBUTING.md; sourceTree = "<group>"; };
		B49B8652236C1C3F00DF758C /* Release.swift */ = {isa = PBXFileReference; lastKnownFileType = sourcecode.swift; path = Release.swift; sourceTree = "<group>"; };
		B49B8654236C23F300DF758C /* Mod.swift */ = {isa = PBXFileReference; lastKnownFileType = sourcecode.swift; path = Mod.swift; sourceTree = "<group>"; };
		B4AA8A53243D1CFA00FE2CE6 /* DetailsViewHeader.swift */ = {isa = PBXFileReference; lastKnownFileType = sourcecode.swift; path = DetailsViewHeader.swift; sourceTree = "<group>"; };
		B4AA8A57243D36AE00FE2CE6 /* ModInformationGrid.swift */ = {isa = PBXFileReference; lastKnownFileType = sourcecode.swift; path = ModInformationGrid.swift; sourceTree = "<group>"; };
		B4AA8A59243D51E000FE2CE6 /* ModResourcesButtons.swift */ = {isa = PBXFileReference; lastKnownFileType = sourcecode.swift; path = ModResourcesButtons.swift; sourceTree = "<group>"; };
		B4AA8A5B243D52E100FE2CE6 /* ModResourceButton.swift */ = {isa = PBXFileReference; lastKnownFileType = sourcecode.swift; path = ModResourceButton.swift; sourceTree = "<group>"; };
		B4ADB84124143F7900CA2930 /* NEUCKAN.swift */ = {isa = PBXFileReference; lastKnownFileType = sourcecode.swift; path = NEUCKAN.swift; sourceTree = "<group>"; };
		B4ADB843241449A900CA2930 /* NEUCKAN.Target.swift */ = {isa = PBXFileReference; lastKnownFileType = sourcecode.swift; path = NEUCKAN.Target.swift; sourceTree = "<group>"; };
		B4ADB84724144A8000CA2930 /* NEUCKAN.List.swift */ = {isa = PBXFileReference; lastKnownFileType = sourcecode.swift; path = NEUCKAN.List.swift; sourceTree = "<group>"; };
		B4ADB84924144AD400CA2930 /* NEUCKAN.Upgrade.swift */ = {isa = PBXFileReference; lastKnownFileType = sourcecode.swift; path = NEUCKAN.Upgrade.swift; sourceTree = "<group>"; };
		B4ADB84B24144B2C00CA2930 /* NEUCKAN.Install.swift */ = {isa = PBXFileReference; lastKnownFileType = sourcecode.swift; path = NEUCKAN.Install.swift; sourceTree = "<group>"; };
		B4ADB84D24144B4400CA2930 /* NEUCKAN.Uninstall.swift */ = {isa = PBXFileReference; lastKnownFileType = sourcecode.swift; path = NEUCKAN.Uninstall.swift; sourceTree = "<group>"; };
		B4ADB85124144BC300CA2930 /* NEUCKAN.Leaves.swift */ = {isa = PBXFileReference; lastKnownFileType = sourcecode.swift; path = NEUCKAN.Leaves.swift; sourceTree = "<group>"; };
		B4ADB85324144BE900CA2930 /* NEUCKAN.Tree.swift */ = {isa = PBXFileReference; lastKnownFileType = sourcecode.swift; path = NEUCKAN.Tree.swift; sourceTree = "<group>"; };
		B4ADB85524144C4200CA2930 /* NEUCKAN.Info.swift */ = {isa = PBXFileReference; lastKnownFileType = sourcecode.swift; path = NEUCKAN.Info.swift; sourceTree = "<group>"; };
		B4ADB8572415EE3E00CA2930 /* TargetsConvertible.swift */ = {isa = PBXFileReference; lastKnownFileType = sourcecode.swift; path = TargetsConvertible.swift; sourceTree = "<group>"; };
		B4ADB85A2419AD5800CA2930 /* Defaultable.swift */ = {isa = PBXFileReference; lastKnownFileType = sourcecode.swift; path = Defaultable.swift; sourceTree = "<group>"; };
		B4ADB85D2419ADAC00CA2930 /* EmptyRepresentable.swift */ = {isa = PBXFileReference; lastKnownFileType = sourcecode.swift; path = EmptyRepresentable.swift; sourceTree = "<group>"; };
		B4ADB8602419F86500CA2930 /* ModReleaseManagementCellView.swift */ = {isa = PBXFileReference; lastKnownFileType = sourcecode.swift; path = ModReleaseManagementCellView.swift; sourceTree = "<group>"; };
		B4B46DE22411FF7D00900B9E /* TargetConvertible.swift */ = {isa = PBXFileReference; lastKnownFileType = sourcecode.swift; path = TargetConvertible.swift; sourceTree = "<group>"; };
		B4B46DE8241329C100900B9E /* neuckan */ = {isa = PBXFileReference; explicitFileType = "compiled.mach-o.executable"; includeInIndex = 0; path = neuckan; sourceTree = BUILT_PRODUCTS_DIR; };
		B4B46DEF24132B0400900B9E /* main.swift */ = {isa = PBXFileReference; lastKnownFileType = sourcecode.swift; path = main.swift; sourceTree = "<group>"; };
		B4C1DFB923EA830300E31F81 /* Mods.swift */ = {isa = PBXFileReference; lastKnownFileType = sourcecode.swift; path = Mods.swift; sourceTree = "<group>"; };
		B4C1DFBB23EBFB0100E31F81 /* GroundControl.swift */ = {isa = PBXFileReference; lastKnownFileType = sourcecode.swift; path = GroundControl.swift; sourceTree = "<group>"; };
		B4C1DFBD23EE951B00E31F81 /* ACKNOWLEDGEMENTS.md */ = {isa = PBXFileReference; lastKnownFileType = net.daringfireball.markdown; path = ACKNOWLEDGEMENTS.md; sourceTree = "<group>"; };
		B4C1DFBE23F074F000E31F81 /* AirTrafficControl.swift */ = {isa = PBXFileReference; lastKnownFileType = sourcecode.swift; path = AirTrafficControl.swift; sourceTree = "<group>"; };
		B4D073A7245160B5008FF72C /* CollectionOfUniqueElements.swift */ = {isa = PBXFileReference; lastKnownFileType = sourcecode.swift; path = CollectionOfUniqueElements.swift; sourceTree = "<group>"; };
		B4D073A9245160EA008FF72C /* OrderedSet.swift */ = {isa = PBXFileReference; lastKnownFileType = sourcecode.swift; path = OrderedSet.swift; sourceTree = "<group>"; };
		B4D073AD245164E2008FF72C /* OrderedCollection.swift */ = {isa = PBXFileReference; lastKnownFileType = sourcecode.swift; path = OrderedCollection.swift; sourceTree = "<group>"; };
		B4D073B024516536008FF72C /* OrderedCollectionOfUniqueElements.swift */ = {isa = PBXFileReference; lastKnownFileType = sourcecode.swift; path = OrderedCollectionOfUniqueElements.swift; sourceTree = "<group>"; };
		B4FB2F0D24397D3F001E3655 /* ModPreviewSlide.swift */ = {isa = PBXFileReference; lastKnownFileType = sourcecode.swift; path = ModPreviewSlide.swift; sourceTree = "<group>"; };
		B4FD6EE523B34CAB00A57174 /* CKANFuckery.swift */ = {isa = PBXFileReference; lastKnownFileType = sourcecode.swift; path = CKANFuckery.swift; sourceTree = "<group>"; };
/* End PBXFileReference section */

/* Begin PBXFrameworksBuildPhase section */
		B451D553236B9D5400441195 /* Frameworks */ = {
			isa = PBXFrameworksBuildPhase;
			buildActionMask = 2147483647;
			files = (
				B4B46DE12411C32300900B9E /* Alamofire in Frameworks */,
				B469D12B23FCC1EE00DA5EF0 /* StandardLibraryPreview in Frameworks */,
				B4AA8A52243D14A800FE2CE6 /* URLImage in Frameworks */,
				B469D12E23FCC38B00DA5EF0 /* ZIPFoundation in Frameworks */,
			);
			runOnlyForDeploymentPostprocessing = 0;
		};
		B451D568236B9D5500441195 /* Frameworks */ = {
			isa = PBXFrameworksBuildPhase;
			buildActionMask = 2147483647;
			files = (
			);
			runOnlyForDeploymentPostprocessing = 0;
		};
		B451D573236B9D5500441195 /* Frameworks */ = {
			isa = PBXFrameworksBuildPhase;
			buildActionMask = 2147483647;
			files = (
			);
			runOnlyForDeploymentPostprocessing = 0;
		};
		B4B46DE5241329C100900B9E /* Frameworks */ = {
			isa = PBXFrameworksBuildPhase;
			buildActionMask = 2147483647;
			files = (
				B4B46DFE241331DF00900B9E /* Alamofire in Frameworks */,
				B4B46E00241331FC00900B9E /* StandardLibraryPreview in Frameworks */,
				B4ADB84024138DB500CA2930 /* ArgumentParser in Frameworks */,
				B4B46DFC241331D600900B9E /* ZIPFoundation in Frameworks */,
			);
			runOnlyForDeploymentPostprocessing = 0;
		};
/* End PBXFrameworksBuildPhase section */

/* Begin PBXGroup section */
		B43637D1246C83EF004F57B4 /* .github */ = {
			isa = PBXGroup;
			children = (
				B43637D2246C83EF004F57B4 /* workflows */,
			);
			path = .github;
			sourceTree = "<group>";
		};
		B43637D2246C83EF004F57B4 /* workflows */ = {
			isa = PBXGroup;
			children = (
				B43637D3246C83EF004F57B4 /* nightly snapshot.yml */,
				B43637D5246C955C004F57B4 /* latest snapshot tag.sh */,
			);
			path = workflows;
			sourceTree = "<group>";
		};
		B451D54D236B9D5400441195 = {
			isa = PBXGroup;
			children = (
				B43637D1246C83EF004F57B4 /* .github */,
				B4C1DFBD23EE951B00E31F81 /* ACKNOWLEDGEMENTS.md */,
				B494723524300B7C0031DE2C /* CODE_OF_CONDUCT.md */,
				B4991DA323CE6C70005735FC /* CONTRIBUTING.md */,
				B47527A4242DE5AA0029B54E /* COPYING */,
				B47527A3242DE5830029B54E /* LICENCE */,
				B46E7577237294E300C09306 /* README.md */,
				B451D558236B9D5400441195 /* neuCKAN */,
				B451D56E236B9D5500441195 /* neuCKANTests */,
				B451D579236B9D5500441195 /* neuCKANUITests */,
				B451D557236B9D5400441195 /* Products */,
				B4B46DFA241331D600900B9E /* Frameworks */,
			);
			sourceTree = "<group>";
		};
		B451D557236B9D5400441195 /* Products */ = {
			isa = PBXGroup;
			children = (
				B451D556236B9D5400441195 /* neuCKAN.app */,
				B451D56B236B9D5500441195 /* neuCKANTests.xctest */,
				B451D576236B9D5500441195 /* neuCKANUITests.xctest */,
				B4B46DE8241329C100900B9E /* neuckan */,
			);
			name = Products;
			sourceTree = "<group>";
		};
		B451D558236B9D5400441195 /* neuCKAN */ = {
			isa = PBXGroup;
			children = (
				B49B864C236C0D6600DF758C /* Models */,
				B474A0EF2390FE01009C95AB /* Controllers */,
				B4991D5123C9EF00005735FC /* Views */,
				B4B46DF324132B6900900B9E /* Command Line Tool */,
				B49B864F236C191D00DF758C /* Resources */,
				B451D560236B9D5500441195 /* Assets.xcassets */,
				B451D565236B9D5500441195 /* Info.plist */,
				B451D566236B9D5500441195 /* neuCKAN.entitlements */,
				B451D55D236B9D5400441195 /* neuCKAN.xcdatamodeld */,
			);
			path = neuCKAN;
			sourceTree = "<group>";
		};
		B451D56E236B9D5500441195 /* neuCKANTests */ = {
			isa = PBXGroup;
			children = (
				B451D56F236B9D5500441195 /* neuCKANTests.swift */,
				B451D571236B9D5500441195 /* Info.plist */,
			);
			path = neuCKANTests;
			sourceTree = "<group>";
		};
		B451D579236B9D5500441195 /* neuCKANUITests */ = {
			isa = PBXGroup;
			children = (
				B451D57A236B9D5500441195 /* neuCKANUITests.swift */,
				B451D57C236B9D5500441195 /* Info.plist */,
			);
			path = neuCKANUITests;
			sourceTree = "<group>";
		};
		B472D266236F732100491E9D /* CKAN */ = {
			isa = PBXGroup;
			children = (
			);
			path = CKAN;
			sourceTree = "<group>";
		};
		B474A0EF2390FE01009C95AB /* Controllers */ = {
			isa = PBXGroup;
			children = (
				B451D559236B9D5400441195 /* AppDelegate.swift */,
				B4C1DFBB23EBFB0100E31F81 /* GroundControl.swift */,
				B4C1DFBE23F074F000E31F81 /* AirTrafficControl.swift */,
				B4991D4323C9E58D005735FC /* MainWindowController.swift */,
				B451D55B236B9D5400441195 /* ViewController.swift */,
				B4315B6723D54F12005FC675 /* MainVerticalSplitViewController.swift */,
				B4625E3823F6A29300EFDFA2 /* MainHorizontalSplitViewController.swift */,
				B4991D4723C9E7A9005735FC /* TargetsViewController.swift */,
				B4991D4123C9E4E6005735FC /* ModsViewController.swift */,
				B4991D4923C9E805005735FC /* DetailsViewController.swift */,
				B4991D4B23C9E89C005735FC /* StatsViewController.swift */,
			);
			path = Controllers;
			sourceTree = "<group>";
		};
		B4991D5123C9EF00005735FC /* Views */ = {
			isa = PBXGroup;
			children = (
				B451D562236B9D5500441195 /* Main.storyboard */,
				B4991D9723CDD755005735FC /* TargetView.swift */,
				B49472362433D9150031DE2C /* DetailsView.swift */,
				B4AA8A53243D1CFA00FE2CE6 /* DetailsViewHeader.swift */,
				B4FB2F0D24397D3F001E3655 /* ModPreviewSlide.swift */,
				B4AA8A59243D51E000FE2CE6 /* ModResourcesButtons.swift */,
				B4AA8A5B243D52E100FE2CE6 /* ModResourceButton.swift */,
				B4AA8A57243D36AE00FE2CE6 /* ModInformationGrid.swift */,
				B4ADB8602419F86500CA2930 /* ModReleaseManagementCellView.swift */,
			);
			path = Views;
			sourceTree = "<group>";
		};
		B49B864C236C0D6600DF758C /* Models */ = {
			isa = PBXGroup;
			children = (
				B4720D0C23A14C9200220F87 /* Synecdoche.swift */,
				B4315B5F23D3F621005FC675 /* Preferences.swift */,
				B4315B6D23D57B0D005FC675 /* Filter.swift */,
				B4625E3A23F78A6A00EFDFA2 /* Targets.swift */,
				B4991D5623CC9457005735FC /* Target.swift */,
				B4C1DFB923EA830300E31F81 /* Mods.swift */,
				B49B8654236C23F300DF758C /* Mod.swift */,
				B49B8652236C1C3F00DF758C /* Release.swift */,
				B46E757123727BC700C09306 /* Version.swift */,
				B46E756F2372782200C09306 /* InstallationDirective.swift */,
				B46E7575237290DD00C09306 /* Requirements.swift */,
				B46E75782372995C00C09306 /* Requirement.swift */,
				B46E757A2372A73C00C09306 /* Resources.swift */,
				B46E757C2372B13400C09306 /* Hash.swift */,
				B4FD6EE523B34CAB00A57174 /* CKANFuckery.swift */,
				B4D073A9245160EA008FF72C /* OrderedSet.swift */,
				B4D073B024516536008FF72C /* OrderedCollectionOfUniqueElements.swift */,
				B4D073AD245164E2008FF72C /* OrderedCollection.swift */,
				B4D073A7245160B5008FF72C /* CollectionOfUniqueElements.swift */,
				B4ADB85D2419ADAC00CA2930 /* EmptyRepresentable.swift */,
				B4ADB85A2419AD5800CA2930 /* Defaultable.swift */,
				B469D13124106DAC00DA5EF0 /* FileURLConvertible.swift */,
				B4B46DE22411FF7D00900B9E /* TargetConvertible.swift */,
				B4ADB8572415EE3E00CA2930 /* TargetsConvertible.swift */,
				B469D12F24031D9D00DA5EF0 /* Notification Names.swift */,
			);
			path = Models;
			sourceTree = "<group>";
		};
		B49B864F236C191D00DF758C /* Resources */ = {
			isa = PBXGroup;
			children = (
				B472D266236F732100491E9D /* CKAN */,
			);
			path = Resources;
			sourceTree = "<group>";
		};
		B4B46DF324132B6900900B9E /* Command Line Tool */ = {
			isa = PBXGroup;
			children = (
				B4B46DEF24132B0400900B9E /* main.swift */,
				B4ADB84124143F7900CA2930 /* NEUCKAN.swift */,
				B4ADB843241449A900CA2930 /* NEUCKAN.Target.swift */,
				B4ADB84724144A8000CA2930 /* NEUCKAN.List.swift */,
				B4ADB85124144BC300CA2930 /* NEUCKAN.Leaves.swift */,
				B4ADB85324144BE900CA2930 /* NEUCKAN.Tree.swift */,
				B4ADB85524144C4200CA2930 /* NEUCKAN.Info.swift */,
				B4ADB84924144AD400CA2930 /* NEUCKAN.Upgrade.swift */,
				B4ADB84B24144B2C00CA2930 /* NEUCKAN.Install.swift */,
				B4ADB84D24144B4400CA2930 /* NEUCKAN.Uninstall.swift */,
			);
			path = "Command Line Tool";
			sourceTree = "<group>";
		};
		B4B46DFA241331D600900B9E /* Frameworks */ = {
			isa = PBXGroup;
			children = (
			);
			name = Frameworks;
			sourceTree = "<group>";
		};
/* End PBXGroup section */

/* Begin PBXNativeTarget section */
		B451D555236B9D5400441195 /* neuCKAN */ = {
			isa = PBXNativeTarget;
			buildConfigurationList = B451D57F236B9D5500441195 /* Build configuration list for PBXNativeTarget "neuCKAN" */;
			buildPhases = (
				B451D552236B9D5400441195 /* Sources */,
				B451D553236B9D5400441195 /* Frameworks */,
				B451D554236B9D5400441195 /* Resources */,
			);
			buildRules = (
			);
			dependencies = (
			);
			name = neuCKAN;
			packageProductDependencies = (
				B469D12A23FCC1EE00DA5EF0 /* StandardLibraryPreview */,
				B469D12D23FCC38B00DA5EF0 /* ZIPFoundation */,
				B4B46DE02411C32300900B9E /* Alamofire */,
				B4AA8A51243D14A800FE2CE6 /* URLImage */,
			);
			productName = neuCKAN;
			productReference = B451D556236B9D5400441195 /* neuCKAN.app */;
			productType = "com.apple.product-type.application";
		};
		B451D56A236B9D5500441195 /* neuCKANTests */ = {
			isa = PBXNativeTarget;
			buildConfigurationList = B451D582236B9D5500441195 /* Build configuration list for PBXNativeTarget "neuCKANTests" */;
			buildPhases = (
				B451D567236B9D5500441195 /* Sources */,
				B451D568236B9D5500441195 /* Frameworks */,
				B451D569236B9D5500441195 /* Resources */,
			);
			buildRules = (
			);
			dependencies = (
				B451D56D236B9D5500441195 /* PBXTargetDependency */,
			);
			name = neuCKANTests;
			productName = neuCKANTests;
			productReference = B451D56B236B9D5500441195 /* neuCKANTests.xctest */;
			productType = "com.apple.product-type.bundle.unit-test";
		};
		B451D575236B9D5500441195 /* neuCKANUITests */ = {
			isa = PBXNativeTarget;
			buildConfigurationList = B451D585236B9D5500441195 /* Build configuration list for PBXNativeTarget "neuCKANUITests" */;
			buildPhases = (
				B451D572236B9D5500441195 /* Sources */,
				B451D573236B9D5500441195 /* Frameworks */,
				B451D574236B9D5500441195 /* Resources */,
			);
			buildRules = (
			);
			dependencies = (
				B451D578236B9D5500441195 /* PBXTargetDependency */,
			);
			name = neuCKANUITests;
			productName = neuCKANUITests;
			productReference = B451D576236B9D5500441195 /* neuCKANUITests.xctest */;
			productType = "com.apple.product-type.bundle.ui-testing";
		};
		B4B46DE7241329C100900B9E /* neuckan */ = {
			isa = PBXNativeTarget;
			buildConfigurationList = B4B46DEC241329C100900B9E /* Build configuration list for PBXNativeTarget "neuckan" */;
			buildPhases = (
				B4B46DE4241329C100900B9E /* Sources */,
				B4B46DE5241329C100900B9E /* Frameworks */,
				B4B46DE6241329C100900B9E /* CopyFiles */,
			);
			buildRules = (
			);
			dependencies = (
			);
			name = neuckan;
			packageProductDependencies = (
				B4B46DFB241331D600900B9E /* ZIPFoundation */,
				B4B46DFD241331DF00900B9E /* Alamofire */,
				B4B46DFF241331FC00900B9E /* StandardLibraryPreview */,
				B4ADB83F24138DB500CA2930 /* ArgumentParser */,
			);
			productName = neuckan;
			productReference = B4B46DE8241329C100900B9E /* neuckan */;
			productType = "com.apple.product-type.tool";
		};
/* End PBXNativeTarget section */

/* Begin PBXProject section */
		B451D54E236B9D5400441195 /* Project object */ = {
			isa = PBXProject;
			attributes = {
				LastSwiftUpdateCheck = 1130;
				LastUpgradeCheck = 1140;
				ORGANIZATIONNAME = "Wowbagger & His Liquid Lunch";
				TargetAttributes = {
					B451D555236B9D5400441195 = {
						CreatedOnToolsVersion = 11.1;
					};
					B451D56A236B9D5500441195 = {
						CreatedOnToolsVersion = 11.1;
						TestTargetID = B451D555236B9D5400441195;
					};
					B451D575236B9D5500441195 = {
						CreatedOnToolsVersion = 11.1;
						TestTargetID = B451D555236B9D5400441195;
					};
					B4B46DE7241329C100900B9E = {
						CreatedOnToolsVersion = 11.3.1;
					};
				};
			};
			buildConfigurationList = B451D551236B9D5400441195 /* Build configuration list for PBXProject "neuCKAN" */;
			compatibilityVersion = "Xcode 11.0";
			developmentRegion = en;
			hasScannedForEncodings = 0;
			knownRegions = (
				en,
				Base,
			);
			mainGroup = B451D54D236B9D5400441195;
			packageReferences = (
				B469D12923FCC1EE00DA5EF0 /* XCRemoteSwiftPackageReference "swift-standard-library-preview" */,
				B469D12C23FCC38B00DA5EF0 /* XCRemoteSwiftPackageReference "ZIPFoundation" */,
				B4B46DDF2411C32300900B9E /* XCRemoteSwiftPackageReference "Alamofire" */,
				B4ADB83E24138DB500CA2930 /* XCRemoteSwiftPackageReference "swift-argument-parser" */,
				B4AA8A50243D14A800FE2CE6 /* XCRemoteSwiftPackageReference "url-image" */,
			);
			productRefGroup = B451D557236B9D5400441195 /* Products */;
			projectDirPath = "";
			projectRoot = "";
			targets = (
				B451D555236B9D5400441195 /* neuCKAN */,
				B451D56A236B9D5500441195 /* neuCKANTests */,
				B451D575236B9D5500441195 /* neuCKANUITests */,
				B4B46DE7241329C100900B9E /* neuckan */,
			);
		};
/* End PBXProject section */

/* Begin PBXResourcesBuildPhase section */
		B451D554236B9D5400441195 /* Resources */ = {
			isa = PBXResourcesBuildPhase;
			buildActionMask = 2147483647;
			files = (
				B451D561236B9D5500441195 /* Assets.xcassets in Resources */,
				B451D564236B9D5500441195 /* Main.storyboard in Resources */,
			);
			runOnlyForDeploymentPostprocessing = 0;
		};
		B451D569236B9D5500441195 /* Resources */ = {
			isa = PBXResourcesBuildPhase;
			buildActionMask = 2147483647;
			files = (
			);
			runOnlyForDeploymentPostprocessing = 0;
		};
		B451D574236B9D5500441195 /* Resources */ = {
			isa = PBXResourcesBuildPhase;
			buildActionMask = 2147483647;
			files = (
			);
			runOnlyForDeploymentPostprocessing = 0;
		};
/* End PBXResourcesBuildPhase section */

/* Begin PBXSourcesBuildPhase section */
		B451D552236B9D5400441195 /* Sources */ = {
			isa = PBXSourcesBuildPhase;
			buildActionMask = 2147483647;
			files = (
				B4AA8A5C243D52E100FE2CE6 /* ModResourceButton.swift in Sources */,
				B46E757B2372A73C00C09306 /* Resources.swift in Sources */,
				B469D13224106DAC00DA5EF0 /* FileURLConvertible.swift in Sources */,
				B4315B6E23D57B0D005FC675 /* Filter.swift in Sources */,
				B49B8653236C1C3F00DF758C /* Release.swift in Sources */,
				B4D073B124516536008FF72C /* OrderedCollectionOfUniqueElements.swift in Sources */,
				B4ADB85E2419ADAC00CA2930 /* EmptyRepresentable.swift in Sources */,
				B4625E3B23F78A6A00EFDFA2 /* Targets.swift in Sources */,
				B4D073AA245160EA008FF72C /* OrderedSet.swift in Sources */,
				B4991D4823C9E7A9005735FC /* TargetsViewController.swift in Sources */,
				B4D073A8245160B5008FF72C /* CollectionOfUniqueElements.swift in Sources */,
				B4ADB8582415EE3E00CA2930 /* TargetsConvertible.swift in Sources */,
				B46E757D2372B13400C09306 /* Hash.swift in Sources */,
				B451D55F236B9D5400441195 /* neuCKAN.xcdatamodeld in Sources */,
				B4991D5723CC9457005735FC /* Target.swift in Sources */,
				B4B46DE32411FF7D00900B9E /* TargetConvertible.swift in Sources */,
				B4625E3923F6A29300EFDFA2 /* MainHorizontalSplitViewController.swift in Sources */,
				B4720D0D23A14C9200220F87 /* Synecdoche.swift in Sources */,
				B4991D4223C9E4E6005735FC /* ModsViewController.swift in Sources */,
				B4991D4C23C9E89C005735FC /* StatsViewController.swift in Sources */,
				B4D073AE245164E2008FF72C /* OrderedCollection.swift in Sources */,
				B4AA8A58243D36AE00FE2CE6 /* ModInformationGrid.swift in Sources */,
				B451D55C236B9D5400441195 /* ViewController.swift in Sources */,
				B469D13024031D9D00DA5EF0 /* Notification Names.swift in Sources */,
				B46E75792372995C00C09306 /* Requirement.swift in Sources */,
				B4C1DFBF23F074F000E31F81 /* AirTrafficControl.swift in Sources */,
				B4991D4423C9E58D005735FC /* MainWindowController.swift in Sources */,
				B46E75702372782200C09306 /* InstallationDirective.swift in Sources */,
				B46E757223727BC700C09306 /* Version.swift in Sources */,
				B451D55A236B9D5400441195 /* AppDelegate.swift in Sources */,
				B46E7576237290DD00C09306 /* Requirements.swift in Sources */,
				B4991D9823CDD755005735FC /* TargetView.swift in Sources */,
				B4FD6EE623B34CAB00A57174 /* CKANFuckery.swift in Sources */,
				B4C1DFBC23EBFB0100E31F81 /* GroundControl.swift in Sources */,
				B4AA8A54243D1CFA00FE2CE6 /* DetailsViewHeader.swift in Sources */,
				B4AA8A5A243D51E000FE2CE6 /* ModResourcesButtons.swift in Sources */,
				B4315B6023D3F621005FC675 /* Preferences.swift in Sources */,
				B49472372433D9150031DE2C /* DetailsView.swift in Sources */,
				B4ADB8612419F86500CA2930 /* ModReleaseManagementCellView.swift in Sources */,
				B4FB2F0E24397D3F001E3655 /* ModPreviewSlide.swift in Sources */,
				B4C1DFBA23EA830300E31F81 /* Mods.swift in Sources */,
				B49B8655236C23F300DF758C /* Mod.swift in Sources */,
				B4991D4A23C9E805005735FC /* DetailsViewController.swift in Sources */,
				B4315B6823D54F12005FC675 /* MainVerticalSplitViewController.swift in Sources */,
				B4ADB85B2419AD5800CA2930 /* Defaultable.swift in Sources */,
			);
			runOnlyForDeploymentPostprocessing = 0;
		};
		B451D567236B9D5500441195 /* Sources */ = {
			isa = PBXSourcesBuildPhase;
			buildActionMask = 2147483647;
			files = (
				B451D570236B9D5500441195 /* neuCKANTests.swift in Sources */,
			);
			runOnlyForDeploymentPostprocessing = 0;
		};
		B451D572236B9D5500441195 /* Sources */ = {
			isa = PBXSourcesBuildPhase;
			buildActionMask = 2147483647;
			files = (
				B451D57B236B9D5500441195 /* neuCKANUITests.swift in Sources */,
			);
			runOnlyForDeploymentPostprocessing = 0;
		};
		B4B46DE4241329C100900B9E /* Sources */ = {
			isa = PBXSourcesBuildPhase;
			buildActionMask = 2147483647;
			files = (
				B4ADB83D24138D7700CA2930 /* main.swift in Sources */,
				B421B5BF241389DF00955DC5 /* Preferences.swift in Sources */,
				B4D073AF245164E2008FF72C /* OrderedCollection.swift in Sources */,
				B421B5B0241389C700955DC5 /* Targets.swift in Sources */,
				B4ADB84A24144AD400CA2930 /* NEUCKAN.Upgrade.swift in Sources */,
				B421B5B1241389C700955DC5 /* Target.swift in Sources */,
				B4ADB84224143F7900CA2930 /* NEUCKAN.swift in Sources */,
				B4ADB8592415EE3E00CA2930 /* TargetsConvertible.swift in Sources */,
				B421B5B2241389C700955DC5 /* Mods.swift in Sources */,
				B421B5B3241389C700955DC5 /* Mod.swift in Sources */,
				B421B5B4241389C700955DC5 /* Release.swift in Sources */,
				B421B5B5241389C700955DC5 /* Version.swift in Sources */,
				B421B5B6241389C700955DC5 /* InstallationDirective.swift in Sources */,
				B421B5B7241389C700955DC5 /* Requirements.swift in Sources */,
				B4ADB84C24144B2C00CA2930 /* NEUCKAN.Install.swift in Sources */,
				B4D073AC245160EF008FF72C /* CollectionOfUniqueElements.swift in Sources */,
				B4ADB85F2419ADAC00CA2930 /* EmptyRepresentable.swift in Sources */,
				B4ADB84E24144B4400CA2930 /* NEUCKAN.Uninstall.swift in Sources */,
				B4ADB85C2419AD5800CA2930 /* Defaultable.swift in Sources */,
				B421B5B8241389C700955DC5 /* Requirement.swift in Sources */,
				B421B5B9241389C700955DC5 /* Resources.swift in Sources */,
				B421B5BA241389C700955DC5 /* Hash.swift in Sources */,
				B4ADB85224144BC300CA2930 /* NEUCKAN.Leaves.swift in Sources */,
				B421B5BB241389C700955DC5 /* CKANFuckery.swift in Sources */,
				B421B5BC241389C700955DC5 /* FileURLConvertible.swift in Sources */,
				B4ADB85424144BE900CA2930 /* NEUCKAN.Tree.swift in Sources */,
				B421B5BD241389C700955DC5 /* TargetConvertible.swift in Sources */,
				B4ADB844241449A900CA2930 /* NEUCKAN.Target.swift in Sources */,
				B421B5BE241389C700955DC5 /* Notification Names.swift in Sources */,
				B4D073AB245160EA008FF72C /* OrderedSet.swift in Sources */,
				B4B46DF624132BBF00900B9E /* Synecdoche.swift in Sources */,
				B4B46DF524132BB400900B9E /* AirTrafficControl.swift in Sources */,
				B4D073B224516536008FF72C /* OrderedCollectionOfUniqueElements.swift in Sources */,
				B4B46DF424132BA700900B9E /* GroundControl.swift in Sources */,
				B4ADB85624144C4200CA2930 /* NEUCKAN.Info.swift in Sources */,
				B4ADB84824144A8000CA2930 /* NEUCKAN.List.swift in Sources */,
			);
			runOnlyForDeploymentPostprocessing = 0;
		};
/* End PBXSourcesBuildPhase section */

/* Begin PBXTargetDependency section */
		B451D56D236B9D5500441195 /* PBXTargetDependency */ = {
			isa = PBXTargetDependency;
			target = B451D555236B9D5400441195 /* neuCKAN */;
			targetProxy = B451D56C236B9D5500441195 /* PBXContainerItemProxy */;
		};
		B451D578236B9D5500441195 /* PBXTargetDependency */ = {
			isa = PBXTargetDependency;
			target = B451D555236B9D5400441195 /* neuCKAN */;
			targetProxy = B451D577236B9D5500441195 /* PBXContainerItemProxy */;
		};
/* End PBXTargetDependency section */

/* Begin PBXVariantGroup section */
		B451D562236B9D5500441195 /* Main.storyboard */ = {
			isa = PBXVariantGroup;
			children = (
				B451D563236B9D5500441195 /* Base */,
			);
			name = Main.storyboard;
			sourceTree = "<group>";
		};
/* End PBXVariantGroup section */

/* Begin XCBuildConfiguration section */
		B451D57D236B9D5500441195 /* Debug */ = {
			isa = XCBuildConfiguration;
			buildSettings = {
				ALWAYS_SEARCH_USER_PATHS = NO;
				CLANG_ANALYZER_NONNULL = YES;
				CLANG_ANALYZER_NUMBER_OBJECT_CONVERSION = YES_AGGRESSIVE;
				CLANG_CXX_LANGUAGE_STANDARD = "gnu++14";
				CLANG_CXX_LIBRARY = "libc++";
				CLANG_ENABLE_MODULES = YES;
				CLANG_ENABLE_OBJC_ARC = YES;
				CLANG_ENABLE_OBJC_WEAK = YES;
				CLANG_WARN_BLOCK_CAPTURE_AUTORELEASING = YES;
				CLANG_WARN_BOOL_CONVERSION = YES;
				CLANG_WARN_COMMA = YES;
				CLANG_WARN_CONSTANT_CONVERSION = YES;
				CLANG_WARN_DEPRECATED_OBJC_IMPLEMENTATIONS = YES;
				CLANG_WARN_DIRECT_OBJC_ISA_USAGE = YES_ERROR;
				CLANG_WARN_DOCUMENTATION_COMMENTS = YES;
				CLANG_WARN_EMPTY_BODY = YES;
				CLANG_WARN_ENUM_CONVERSION = YES;
				CLANG_WARN_INFINITE_RECURSION = YES;
				CLANG_WARN_INT_CONVERSION = YES;
				CLANG_WARN_NON_LITERAL_NULL_CONVERSION = YES;
				CLANG_WARN_OBJC_IMPLICIT_RETAIN_SELF = YES;
				CLANG_WARN_OBJC_LITERAL_CONVERSION = YES;
				CLANG_WARN_OBJC_ROOT_CLASS = YES_ERROR;
				CLANG_WARN_RANGE_LOOP_ANALYSIS = YES;
				CLANG_WARN_STRICT_PROTOTYPES = YES;
				CLANG_WARN_SUSPICIOUS_MOVE = YES;
				CLANG_WARN_UNGUARDED_AVAILABILITY = YES_AGGRESSIVE;
				CLANG_WARN_UNREACHABLE_CODE = YES;
				CLANG_WARN__DUPLICATE_METHOD_MATCH = YES;
				COPY_PHASE_STRIP = NO;
				DEBUG_INFORMATION_FORMAT = dwarf;
				ENABLE_STRICT_OBJC_MSGSEND = YES;
				ENABLE_TESTABILITY = YES;
				GCC_C_LANGUAGE_STANDARD = gnu11;
				GCC_DYNAMIC_NO_PIC = NO;
				GCC_NO_COMMON_BLOCKS = YES;
				GCC_OPTIMIZATION_LEVEL = 0;
				GCC_PREPROCESSOR_DEFINITIONS = (
					"DEBUG=1",
					"$(inherited)",
				);
				GCC_WARN_64_TO_32_BIT_CONVERSION = YES;
				GCC_WARN_ABOUT_RETURN_TYPE = YES_ERROR;
				GCC_WARN_UNDECLARED_SELECTOR = YES;
				GCC_WARN_UNINITIALIZED_AUTOS = YES_AGGRESSIVE;
				GCC_WARN_UNUSED_FUNCTION = YES;
				GCC_WARN_UNUSED_VARIABLE = YES;
				MACOSX_DEPLOYMENT_TARGET = 10.15;
				MTL_ENABLE_DEBUG_INFO = INCLUDE_SOURCE;
				MTL_FAST_MATH = YES;
				ONLY_ACTIVE_ARCH = YES;
				SDKROOT = macosx;
				SWIFT_ACTIVE_COMPILATION_CONDITIONS = DEBUG;
				SWIFT_OPTIMIZATION_LEVEL = "-Onone";
			};
			name = Debug;
		};
		B451D57E236B9D5500441195 /* Release */ = {
			isa = XCBuildConfiguration;
			buildSettings = {
				ALWAYS_SEARCH_USER_PATHS = NO;
				CLANG_ANALYZER_NONNULL = YES;
				CLANG_ANALYZER_NUMBER_OBJECT_CONVERSION = YES_AGGRESSIVE;
				CLANG_CXX_LANGUAGE_STANDARD = "gnu++14";
				CLANG_CXX_LIBRARY = "libc++";
				CLANG_ENABLE_MODULES = YES;
				CLANG_ENABLE_OBJC_ARC = YES;
				CLANG_ENABLE_OBJC_WEAK = YES;
				CLANG_WARN_BLOCK_CAPTURE_AUTORELEASING = YES;
				CLANG_WARN_BOOL_CONVERSION = YES;
				CLANG_WARN_COMMA = YES;
				CLANG_WARN_CONSTANT_CONVERSION = YES;
				CLANG_WARN_DEPRECATED_OBJC_IMPLEMENTATIONS = YES;
				CLANG_WARN_DIRECT_OBJC_ISA_USAGE = YES_ERROR;
				CLANG_WARN_DOCUMENTATION_COMMENTS = YES;
				CLANG_WARN_EMPTY_BODY = YES;
				CLANG_WARN_ENUM_CONVERSION = YES;
				CLANG_WARN_INFINITE_RECURSION = YES;
				CLANG_WARN_INT_CONVERSION = YES;
				CLANG_WARN_NON_LITERAL_NULL_CONVERSION = YES;
				CLANG_WARN_OBJC_IMPLICIT_RETAIN_SELF = YES;
				CLANG_WARN_OBJC_LITERAL_CONVERSION = YES;
				CLANG_WARN_OBJC_ROOT_CLASS = YES_ERROR;
				CLANG_WARN_RANGE_LOOP_ANALYSIS = YES;
				CLANG_WARN_STRICT_PROTOTYPES = YES;
				CLANG_WARN_SUSPICIOUS_MOVE = YES;
				CLANG_WARN_UNGUARDED_AVAILABILITY = YES_AGGRESSIVE;
				CLANG_WARN_UNREACHABLE_CODE = YES;
				CLANG_WARN__DUPLICATE_METHOD_MATCH = YES;
				COPY_PHASE_STRIP = NO;
				DEBUG_INFORMATION_FORMAT = "dwarf-with-dsym";
				ENABLE_NS_ASSERTIONS = NO;
				ENABLE_STRICT_OBJC_MSGSEND = YES;
				GCC_C_LANGUAGE_STANDARD = gnu11;
				GCC_NO_COMMON_BLOCKS = YES;
				GCC_WARN_64_TO_32_BIT_CONVERSION = YES;
				GCC_WARN_ABOUT_RETURN_TYPE = YES_ERROR;
				GCC_WARN_UNDECLARED_SELECTOR = YES;
				GCC_WARN_UNINITIALIZED_AUTOS = YES_AGGRESSIVE;
				GCC_WARN_UNUSED_FUNCTION = YES;
				GCC_WARN_UNUSED_VARIABLE = YES;
				MACOSX_DEPLOYMENT_TARGET = 10.15;
				MTL_ENABLE_DEBUG_INFO = NO;
				MTL_FAST_MATH = YES;
				SDKROOT = macosx;
				SWIFT_COMPILATION_MODE = wholemodule;
				SWIFT_OPTIMIZATION_LEVEL = "-O";
			};
			name = Release;
		};
		B451D580236B9D5500441195 /* Debug */ = {
			isa = XCBuildConfiguration;
			buildSettings = {
				ASSETCATALOG_COMPILER_APPICON_NAME = AppIcon;
				CODE_SIGN_ENTITLEMENTS = neuCKAN/neuCKAN.entitlements;
				CODE_SIGN_IDENTITY = "-";
				CODE_SIGN_STYLE = Automatic;
				COMBINE_HIDPI_IMAGES = YES;
				DEVELOPMENT_TEAM = 9VQ37Q32QV;
				ENABLE_HARDENED_RUNTIME = YES;
				INFOPLIST_FILE = neuCKAN/Info.plist;
				LD_RUNPATH_SEARCH_PATHS = (
					"$(inherited)",
					"@executable_path/../Frameworks",
				);
				MACOSX_DEPLOYMENT_TARGET = 10.15;
				MARKETING_VERSION = 0.0.2;
				PRODUCT_BUNDLE_IDENTIFIER = com.wowbagger.neuCKAN;
				PRODUCT_NAME = "$(TARGET_NAME)";
				SWIFT_VERSION = 5.0;
			};
			name = Debug;
		};
		B451D581236B9D5500441195 /* Release */ = {
			isa = XCBuildConfiguration;
			buildSettings = {
				ASSETCATALOG_COMPILER_APPICON_NAME = AppIcon;
				CODE_SIGN_ENTITLEMENTS = neuCKAN/neuCKAN.entitlements;
				CODE_SIGN_IDENTITY = "-";
				CODE_SIGN_STYLE = Automatic;
				COMBINE_HIDPI_IMAGES = YES;
				DEVELOPMENT_TEAM = 9VQ37Q32QV;
				ENABLE_HARDENED_RUNTIME = YES;
				INFOPLIST_FILE = neuCKAN/Info.plist;
				LD_RUNPATH_SEARCH_PATHS = (
					"$(inherited)",
					"@executable_path/../Frameworks",
				);
				MACOSX_DEPLOYMENT_TARGET = 10.15;
				MARKETING_VERSION = 0.0.2;
				PRODUCT_BUNDLE_IDENTIFIER = com.wowbagger.neuCKAN;
				PRODUCT_NAME = "$(TARGET_NAME)";
				SWIFT_VERSION = 5.0;
			};
			name = Release;
		};
		B451D583236B9D5500441195 /* Debug */ = {
			isa = XCBuildConfiguration;
			buildSettings = {
				ALWAYS_EMBED_SWIFT_STANDARD_LIBRARIES = YES;
				BUNDLE_LOADER = "$(TEST_HOST)";
				CODE_SIGN_STYLE = Automatic;
				COMBINE_HIDPI_IMAGES = YES;
				DEVELOPMENT_TEAM = 9VQ37Q32QV;
				INFOPLIST_FILE = neuCKANTests/Info.plist;
				LD_RUNPATH_SEARCH_PATHS = (
					"$(inherited)",
					"@executable_path/../Frameworks",
					"@loader_path/../Frameworks",
				);
				MACOSX_DEPLOYMENT_TARGET = 10.15;
				PRODUCT_BUNDLE_IDENTIFIER = wowbagger.neuCKANTests;
				PRODUCT_NAME = "$(TARGET_NAME)";
				SWIFT_VERSION = 5.0;
				TEST_HOST = "$(BUILT_PRODUCTS_DIR)/neuCKAN.app/Contents/MacOS/neuCKAN";
			};
			name = Debug;
		};
		B451D584236B9D5500441195 /* Release */ = {
			isa = XCBuildConfiguration;
			buildSettings = {
				ALWAYS_EMBED_SWIFT_STANDARD_LIBRARIES = YES;
				BUNDLE_LOADER = "$(TEST_HOST)";
				CODE_SIGN_STYLE = Automatic;
				COMBINE_HIDPI_IMAGES = YES;
				DEVELOPMENT_TEAM = 9VQ37Q32QV;
				INFOPLIST_FILE = neuCKANTests/Info.plist;
				LD_RUNPATH_SEARCH_PATHS = (
					"$(inherited)",
					"@executable_path/../Frameworks",
					"@loader_path/../Frameworks",
				);
				MACOSX_DEPLOYMENT_TARGET = 10.15;
				PRODUCT_BUNDLE_IDENTIFIER = wowbagger.neuCKANTests;
				PRODUCT_NAME = "$(TARGET_NAME)";
				SWIFT_VERSION = 5.0;
				TEST_HOST = "$(BUILT_PRODUCTS_DIR)/neuCKAN.app/Contents/MacOS/neuCKAN";
			};
			name = Release;
		};
		B451D586236B9D5500441195 /* Debug */ = {
			isa = XCBuildConfiguration;
			buildSettings = {
				ALWAYS_EMBED_SWIFT_STANDARD_LIBRARIES = YES;
				CODE_SIGN_STYLE = Automatic;
				COMBINE_HIDPI_IMAGES = YES;
				DEVELOPMENT_TEAM = 9VQ37Q32QV;
				INFOPLIST_FILE = neuCKANUITests/Info.plist;
				LD_RUNPATH_SEARCH_PATHS = (
					"$(inherited)",
					"@executable_path/../Frameworks",
					"@loader_path/../Frameworks",
				);
				PRODUCT_BUNDLE_IDENTIFIER = wowbagger.neuCKANUITests;
				PRODUCT_NAME = "$(TARGET_NAME)";
				SWIFT_VERSION = 5.0;
				TEST_TARGET_NAME = neuCKAN;
			};
			name = Debug;
		};
		B451D587236B9D5500441195 /* Release */ = {
			isa = XCBuildConfiguration;
			buildSettings = {
				ALWAYS_EMBED_SWIFT_STANDARD_LIBRARIES = YES;
				CODE_SIGN_STYLE = Automatic;
				COMBINE_HIDPI_IMAGES = YES;
				DEVELOPMENT_TEAM = 9VQ37Q32QV;
				INFOPLIST_FILE = neuCKANUITests/Info.plist;
				LD_RUNPATH_SEARCH_PATHS = (
					"$(inherited)",
					"@executable_path/../Frameworks",
					"@loader_path/../Frameworks",
				);
				PRODUCT_BUNDLE_IDENTIFIER = wowbagger.neuCKANUITests;
				PRODUCT_NAME = "$(TARGET_NAME)";
				SWIFT_VERSION = 5.0;
				TEST_TARGET_NAME = neuCKAN;
			};
			name = Release;
		};
		B4B46DED241329C100900B9E /* Debug */ = {
			isa = XCBuildConfiguration;
			buildSettings = {
				CODE_SIGN_IDENTITY = "-";
				CODE_SIGN_STYLE = Automatic;
				DEVELOPMENT_TEAM = 9VQ37Q32QV;
				ENABLE_HARDENED_RUNTIME = YES;
				PRODUCT_NAME = "$(TARGET_NAME)";
				SWIFT_VERSION = 5.0;
			};
			name = Debug;
		};
		B4B46DEE241329C100900B9E /* Release */ = {
			isa = XCBuildConfiguration;
			buildSettings = {
				CODE_SIGN_IDENTITY = "-";
				CODE_SIGN_STYLE = Automatic;
				DEVELOPMENT_TEAM = 9VQ37Q32QV;
				ENABLE_HARDENED_RUNTIME = YES;
				PRODUCT_NAME = "$(TARGET_NAME)";
				SWIFT_VERSION = 5.0;
			};
			name = Release;
		};
/* End XCBuildConfiguration section */

/* Begin XCConfigurationList section */
		B451D551236B9D5400441195 /* Build configuration list for PBXProject "neuCKAN" */ = {
			isa = XCConfigurationList;
			buildConfigurations = (
				B451D57D236B9D5500441195 /* Debug */,
				B451D57E236B9D5500441195 /* Release */,
			);
			defaultConfigurationIsVisible = 0;
			defaultConfigurationName = Release;
		};
		B451D57F236B9D5500441195 /* Build configuration list for PBXNativeTarget "neuCKAN" */ = {
			isa = XCConfigurationList;
			buildConfigurations = (
				B451D580236B9D5500441195 /* Debug */,
				B451D581236B9D5500441195 /* Release */,
			);
			defaultConfigurationIsVisible = 0;
			defaultConfigurationName = Release;
		};
		B451D582236B9D5500441195 /* Build configuration list for PBXNativeTarget "neuCKANTests" */ = {
			isa = XCConfigurationList;
			buildConfigurations = (
				B451D583236B9D5500441195 /* Debug */,
				B451D584236B9D5500441195 /* Release */,
			);
			defaultConfigurationIsVisible = 0;
			defaultConfigurationName = Release;
		};
		B451D585236B9D5500441195 /* Build configuration list for PBXNativeTarget "neuCKANUITests" */ = {
			isa = XCConfigurationList;
			buildConfigurations = (
				B451D586236B9D5500441195 /* Debug */,
				B451D587236B9D5500441195 /* Release */,
			);
			defaultConfigurationIsVisible = 0;
			defaultConfigurationName = Release;
		};
		B4B46DEC241329C100900B9E /* Build configuration list for PBXNativeTarget "neuckan" */ = {
			isa = XCConfigurationList;
			buildConfigurations = (
				B4B46DED241329C100900B9E /* Debug */,
				B4B46DEE241329C100900B9E /* Release */,
			);
			defaultConfigurationIsVisible = 0;
			defaultConfigurationName = Release;
		};
/* End XCConfigurationList section */

/* Begin XCRemoteSwiftPackageReference section */
		B469D12923FCC1EE00DA5EF0 /* XCRemoteSwiftPackageReference "swift-standard-library-preview" */ = {
			isa = XCRemoteSwiftPackageReference;
			repositoryURL = "https://github.com/apple/swift-standard-library-preview.git";
			requirement = {
				kind = upToNextMajorVersion;
				minimumVersion = 0.0.1;
			};
		};
		B469D12C23FCC38B00DA5EF0 /* XCRemoteSwiftPackageReference "ZIPFoundation" */ = {
			isa = XCRemoteSwiftPackageReference;
			repositoryURL = "https://github.com/weichsel/ZIPFoundation.git";
			requirement = {
				kind = upToNextMajorVersion;
				minimumVersion = 0.9.11;
			};
		};
		B4AA8A50243D14A800FE2CE6 /* XCRemoteSwiftPackageReference "url-image" */ = {
			isa = XCRemoteSwiftPackageReference;
			repositoryURL = "https://github.com/dmytro-anokhin/url-image.git";
			requirement = {
				kind = upToNextMajorVersion;
				minimumVersion = 0.9.13;
			};
		};
		B4ADB83E24138DB500CA2930 /* XCRemoteSwiftPackageReference "swift-argument-parser" */ = {
			isa = XCRemoteSwiftPackageReference;
			repositoryURL = "https://github.com/apple/swift-argument-parser";
			requirement = {
				kind = upToNextMinorVersion;
				minimumVersion = 0.0.2;
			};
		};
		B4B46DDF2411C32300900B9E /* XCRemoteSwiftPackageReference "Alamofire" */ = {
			isa = XCRemoteSwiftPackageReference;
			repositoryURL = "https://github.com/Alamofire/Alamofire.git";
			requirement = {
				kind = upToNextMajorVersion;
				minimumVersion = 5.0.2;
			};
		};
/* End XCRemoteSwiftPackageReference section */

/* Begin XCSwiftPackageProductDependency section */
		B469D12A23FCC1EE00DA5EF0 /* StandardLibraryPreview */ = {
			isa = XCSwiftPackageProductDependency;
			package = B469D12923FCC1EE00DA5EF0 /* XCRemoteSwiftPackageReference "swift-standard-library-preview" */;
			productName = StandardLibraryPreview;
		};
		B469D12D23FCC38B00DA5EF0 /* ZIPFoundation */ = {
			isa = XCSwiftPackageProductDependency;
			package = B469D12C23FCC38B00DA5EF0 /* XCRemoteSwiftPackageReference "ZIPFoundation" */;
			productName = ZIPFoundation;
		};
		B4AA8A51243D14A800FE2CE6 /* URLImage */ = {
			isa = XCSwiftPackageProductDependency;
			package = B4AA8A50243D14A800FE2CE6 /* XCRemoteSwiftPackageReference "url-image" */;
			productName = URLImage;
		};
		B4ADB83F24138DB500CA2930 /* ArgumentParser */ = {
			isa = XCSwiftPackageProductDependency;
			package = B4ADB83E24138DB500CA2930 /* XCRemoteSwiftPackageReference "swift-argument-parser" */;
			productName = ArgumentParser;
		};
		B4B46DE02411C32300900B9E /* Alamofire */ = {
			isa = XCSwiftPackageProductDependency;
			package = B4B46DDF2411C32300900B9E /* XCRemoteSwiftPackageReference "Alamofire" */;
			productName = Alamofire;
		};
		B4B46DFB241331D600900B9E /* ZIPFoundation */ = {
			isa = XCSwiftPackageProductDependency;
			package = B469D12C23FCC38B00DA5EF0 /* XCRemoteSwiftPackageReference "ZIPFoundation" */;
			productName = ZIPFoundation;
		};
		B4B46DFD241331DF00900B9E /* Alamofire */ = {
			isa = XCSwiftPackageProductDependency;
			package = B4B46DDF2411C32300900B9E /* XCRemoteSwiftPackageReference "Alamofire" */;
			productName = Alamofire;
		};
		B4B46DFF241331FC00900B9E /* StandardLibraryPreview */ = {
			isa = XCSwiftPackageProductDependency;
			package = B469D12923FCC1EE00DA5EF0 /* XCRemoteSwiftPackageReference "swift-standard-library-preview" */;
			productName = StandardLibraryPreview;
		};
/* End XCSwiftPackageProductDependency section */

/* Begin XCVersionGroup section */
		B451D55D236B9D5400441195 /* neuCKAN.xcdatamodeld */ = {
			isa = XCVersionGroup;
			children = (
				B451D55E236B9D5400441195 /* neuCKAN.xcdatamodel */,
			);
			currentVersion = B451D55E236B9D5400441195 /* neuCKAN.xcdatamodel */;
			path = neuCKAN.xcdatamodeld;
			sourceTree = "<group>";
			versionGroupType = wrapper.xcdatamodel;
		};
/* End XCVersionGroup section */
	};
	rootObject = B451D54E236B9D5400441195 /* Project object */;
}
